
Microsoft Visual Studio Solution File, Format Version 12.00
# Visual Studio Version 17
VisualStudioVersion = 17.5.33414.496
MinimumVisualStudioVersion = 10.0.40219.1
Project("{8BC9CEB8-8B4A-11D0-8D11-00A0C91BC942}") = "ExerciseLinkedlist_160", "ExerciseLinkedlist_160\ExerciseLinkedlist_160.vcxproj", "{1816EC5B-0CAA-4B13-B206-89AFDC76D40C}"
EndProject
Global
	GlobalSection(SolutionConfigurationPlatforms) = preSolution
		Debug|x64 = Debug|x64
		Debug|x86 = Debug|x86
		Release|x64 = Release|x64
		Release|x86 = Release|x86
	EndGlobalSection
	GlobalSection(ProjectConfigurationPlatforms) = postSolution
		{1816EC5B-0CAA-4B13-B206-89AFDC76D40C}.Debug|x64.ActiveCfg = Debug|x64
		{1816EC5B-0CAA-4B13-B206-89AFDC76D40C}.Debug|x64.Build.0 = Debug|x64
		{1816EC5B-0CAA-4B13-B206-89AFDC76D40C}.Debug|x86.ActiveCfg = Debug|Win32
		{1816EC5B-0CAA-4B13-B206-89AFDC76D40C}.Debug|x86.Build.0 = Debug|Win32
		{1816EC5B-0CAA-4B13-B206-89AFDC76D40C}.Release|x64.ActiveCfg = Release|x64
		{1816EC5B-0CAA-4B13-B206-89AFDC76D40C}.Release|x64.Build.0 = Release|x64
		{1816EC5B-0CAA-4B13-B206-89AFDC76D40C}.Release|x86.ActiveCfg = Release|Win32
		{1816EC5B-0CAA-4B13-B206-89AFDC76D40C}.Release|x86.Build.0 = Release|Win32
	EndGlobalSection
	GlobalSection(SolutionProperties) = preSolution
		HideSolutionNode = FALSE
	EndGlobalSection
	GlobalSection(ExtensibilityGlobals) = postSolution
		SolutionGuid = {2017408C-5241-4785-9B1B-3F6D4BA2AEBB}
	EndGlobalSection
EndGlobal
